
Microsoft Visual Studio Solution File, Format Version 12.00
# Visual Studio Version 16
VisualStudioVersion = 16.0.35706.149
MinimumVisualStudioVersion = 10.0.40219.1
Project("{FAE04EC0-301F-11D3-BF4B-00C04F79EFBC}") = "fnPostDatabase", "fnPostDatabase\fnPostDatabase.csproj", "{1821C356-E246-4673-8D55-F705CFE496C5}"
EndProject
Global
	GlobalSection(SolutionConfigurationPlatforms) = preSolution
		Debug|Any CPU = Debug|Any CPU
		Release|Any CPU = Release|Any CPU
	EndGlobalSection
	GlobalSection(ProjectConfigurationPlatforms) = postSolution
		{1821C356-E246-4673-8D55-F705CFE496C5}.Debug|Any CPU.ActiveCfg = Debug|Any CPU
		{1821C356-E246-4673-8D55-F705CFE496C5}.Debug|Any CPU.Build.0 = Debug|Any CPU
		{1821C356-E246-4673-8D55-F705CFE496C5}.Release|Any CPU.ActiveCfg = Release|Any CPU
		{1821C356-E246-4673-8D55-F705CFE496C5}.Release|Any CPU.Build.0 = Release|Any CPU
	EndGlobalSection
	GlobalSection(SolutionProperties) = preSolution
		HideSolutionNode = FALSE
	EndGlobalSection
	GlobalSection(ExtensibilityGlobals) = postSolution
		SolutionGuid = {34C4AB11-A30F-4C02-B0CB-24EBD0B569A4}
	EndGlobalSection
EndGlobal
