
Microsoft Visual Studio Solution File, Format Version 12.00
# Visual Studio Version 16
VisualStudioVersion = 16.0.35706.149
MinimumVisualStudioVersion = 10.0.40219.1
Project("{9A19103F-16F7-4668-BE54-9A1E7A4F7556}") = "fnPostDataStorage", "fnPostDataStorage\fnPostDataStorage.csproj", "{EA19C97D-8E02-4703-AC01-2DD6ADD105ED}"
EndProject
Project("{FAE04EC0-301F-11D3-BF4B-00C04F79EFBC}") = "fnPostDatabase", "..\fnPostDatabase\fnPostDatabase.csproj", "{C5845DC0-9976-4ECC-AF2D-E701B6FD9056}"
EndProject
Project("{FAE04EC0-301F-11D3-BF4B-00C04F79EFBC}") = "fnGetAllMovies", "..\fnGetAllMovies\fnGetAllMovies.csproj", "{1BB0251F-C53E-4322-851F-5A5F9B93725E}"
EndProject
Project("{FAE04EC0-301F-11D3-BF4B-00C04F79EFBC}") = "FunctionApp1fnGetMovieDetail", "..\FunctionApp1fnGetMovieDetail\FunctionApp1fnGetMovieDetail.csproj", "{524DD66A-8DBB-47A4-89F0-BCAC8B24EB78}"
EndProject
Global
	GlobalSection(SolutionConfigurationPlatforms) = preSolution
		Debug|Any CPU = Debug|Any CPU
		Release|Any CPU = Release|Any CPU
	EndGlobalSection
	GlobalSection(ProjectConfigurationPlatforms) = postSolution
		{EA19C97D-8E02-4703-AC01-2DD6ADD105ED}.Debug|Any CPU.ActiveCfg = Debug|Any CPU
		{EA19C97D-8E02-4703-AC01-2DD6ADD105ED}.Debug|Any CPU.Build.0 = Debug|Any CPU
		{EA19C97D-8E02-4703-AC01-2DD6ADD105ED}.Release|Any CPU.ActiveCfg = Release|Any CPU
		{EA19C97D-8E02-4703-AC01-2DD6ADD105ED}.Release|Any CPU.Build.0 = Release|Any CPU
		{C5845DC0-9976-4ECC-AF2D-E701B6FD9056}.Debug|Any CPU.ActiveCfg = Debug|Any CPU
		{C5845DC0-9976-4ECC-AF2D-E701B6FD9056}.Debug|Any CPU.Build.0 = Debug|Any CPU
		{C5845DC0-9976-4ECC-AF2D-E701B6FD9056}.Release|Any CPU.ActiveCfg = Release|Any CPU
		{C5845DC0-9976-4ECC-AF2D-E701B6FD9056}.Release|Any CPU.Build.0 = Release|Any CPU
		{1BB0251F-C53E-4322-851F-5A5F9B93725E}.Debug|Any CPU.ActiveCfg = Debug|Any CPU
		{1BB0251F-C53E-4322-851F-5A5F9B93725E}.Debug|Any CPU.Build.0 = Debug|Any CPU
		{1BB0251F-C53E-4322-851F-5A5F9B93725E}.Release|Any CPU.ActiveCfg = Release|Any CPU
		{1BB0251F-C53E-4322-851F-5A5F9B93725E}.Release|Any CPU.Build.0 = Release|Any CPU
		{524DD66A-8DBB-47A4-89F0-BCAC8B24EB78}.Debug|Any CPU.ActiveCfg = Debug|Any CPU
		{524DD66A-8DBB-47A4-89F0-BCAC8B24EB78}.Debug|Any CPU.Build.0 = Debug|Any CPU
		{524DD66A-8DBB-47A4-89F0-BCAC8B24EB78}.Release|Any CPU.ActiveCfg = Release|Any CPU
		{524DD66A-8DBB-47A4-89F0-BCAC8B24EB78}.Release|Any CPU.Build.0 = Release|Any CPU
	EndGlobalSection
	GlobalSection(SolutionProperties) = preSolution
		HideSolutionNode = FALSE
	EndGlobalSection
	GlobalSection(ExtensibilityGlobals) = postSolution
		SolutionGuid = {234ED812-DBF0-4848-9006-19BDF40BD36B}
	EndGlobalSection
EndGlobal
